
Microsoft Visual Studio Solution File, Format Version 12.00
# Visual Studio Version 16
VisualStudioVersion = 16.0.31515.178
MinimumVisualStudioVersion = 10.0.40219.1
Project("{FAE04EC0-301F-11D3-BF4B-00C04F79EFBC}") = "StAlbertAssessment2", "StAlbertAssessment2\StAlbertAssessment2.csproj", "{FF003D3B-3AE0-44B3-806D-45AB0C538566}"
EndProject
Global
	GlobalSection(SolutionConfigurationPlatforms) = preSolution
		Debug|Any CPU = Debug|Any CPU
		Release|Any CPU = Release|Any CPU
	EndGlobalSection
	GlobalSection(ProjectConfigurationPlatforms) = postSolution
		{FF003D3B-3AE0-44B3-806D-45AB0C538566}.Debug|Any CPU.ActiveCfg = Debug|Any CPU
		{FF003D3B-3AE0-44B3-806D-45AB0C538566}.Debug|Any CPU.Build.0 = Debug|Any CPU
		{FF003D3B-3AE0-44B3-806D-45AB0C538566}.Release|Any CPU.ActiveCfg = Release|Any CPU
		{FF003D3B-3AE0-44B3-806D-45AB0C538566}.Release|Any CPU.Build.0 = Release|Any CPU
	EndGlobalSection
	GlobalSection(SolutionProperties) = preSolution
		HideSolutionNode = FALSE
	EndGlobalSection
	GlobalSection(ExtensibilityGlobals) = postSolution
		SolutionGuid = {D170ECB7-3334-4C06-B199-95A360153226}
	EndGlobalSection
EndGlobal
