
Microsoft Visual Studio Solution File, Format Version 12.00
# Visual Studio Version 16
VisualStudioVersion = 16.0.31515.178
MinimumVisualStudioVersion = 10.0.40219.1
Project("{FAE04EC0-301F-11D3-BF4B-00C04F79EFBC}") = "StAlbertHospitalAssessment", "StAlbertHospitalAssessment\StAlbertHospitalAssessment.csproj", "{83E5BAF8-D4D4-46A1-8568-F44710C63BEA}"
EndProject
Global
	GlobalSection(SolutionConfigurationPlatforms) = preSolution
		Debug|Any CPU = Debug|Any CPU
		Release|Any CPU = Release|Any CPU
	EndGlobalSection
	GlobalSection(ProjectConfigurationPlatforms) = postSolution
		{83E5BAF8-D4D4-46A1-8568-F44710C63BEA}.Debug|Any CPU.ActiveCfg = Debug|Any CPU
		{83E5BAF8-D4D4-46A1-8568-F44710C63BEA}.Debug|Any CPU.Build.0 = Debug|Any CPU
		{83E5BAF8-D4D4-46A1-8568-F44710C63BEA}.Release|Any CPU.ActiveCfg = Release|Any CPU
		{83E5BAF8-D4D4-46A1-8568-F44710C63BEA}.Release|Any CPU.Build.0 = Release|Any CPU
	EndGlobalSection
	GlobalSection(SolutionProperties) = preSolution
		HideSolutionNode = FALSE
	EndGlobalSection
	GlobalSection(ExtensibilityGlobals) = postSolution
		SolutionGuid = {C36D42F6-60B0-42F0-96E0-A50EBA30E515}
	EndGlobalSection
EndGlobal
